// !$*UTF8*$!
{
	archiveVersion = 1;
	classes = {
	};
	objectVersion = 56;
	objects = {

/* Begin PBXBuildFile section */
		73619EB42A37248E0026783F /* AppDelegate.swift in Sources */ = {isa = PBXBuildFile; fileRef = 73619EB32A37248E0026783F /* AppDelegate.swift */; };
		73619EB62A37248E0026783F /* SceneDelegate.swift in Sources */ = {isa = PBXBuildFile; fileRef = 73619EB52A37248E0026783F /* SceneDelegate.swift */; };
		73619EB82A37248E0026783F /* ViewController.swift in Sources */ = {isa = PBXBuildFile; fileRef = 73619EB72A37248E0026783F /* ViewController.swift */; };
		73619EBB2A37248E0026783F /* Main.storyboard in Resources */ = {isa = PBXBuildFile; fileRef = 73619EB92A37248E0026783F /* Main.storyboard */; };
		73619EBD2A37248F0026783F /* Assets.xcassets in Resources */ = {isa = PBXBuildFile; fileRef = 73619EBC2A37248F0026783F /* Assets.xcassets */; };
		73619EC02A37248F0026783F /* LaunchScreen.storyboard in Resources */ = {isa = PBXBuildFile; fileRef = 73619EBE2A37248F0026783F /* LaunchScreen.storyboard */; };
		73619EC82A37263B0026783F /* MaskViewController.swift in Sources */ = {isa = PBXBuildFile; fileRef = 73619EC72A37263B0026783F /* MaskViewController.swift */; };
		73619ECA2A3729390026783F /* UIImage+Extensions.swift in Sources */ = {isa = PBXBuildFile; fileRef = 73619EC92A3729390026783F /* UIImage+Extensions.swift */; };
		73619ECC2A372FFA0026783F /* UIString+Extension.swift in Sources */ = {isa = PBXBuildFile; fileRef = 73619ECB2A372FFA0026783F /* UIString+Extension.swift */; };
		73619ECE2A37301C0026783F /* VerhoeffAlgorithm.swift in Sources */ = {isa = PBXBuildFile; fileRef = 73619ECD2A37301C0026783F /* VerhoeffAlgorithm.swift */; };
		73619ED02A374C0D0026783F /* Data+Extension.swift in Sources */ = {isa = PBXBuildFile; fileRef = 73619ECF2A374C0D0026783F /* Data+Extension.swift */; };
/* End PBXBuildFile section */

/* Begin PBXFileReference section */
		73619EB02A37248E0026783F /* MaskingExample.app */ = {isa = PBXFileReference; explicitFileType = wrapper.application; includeInIndex = 0; path = MaskingExample.app; sourceTree = BUILT_PRODUCTS_DIR; };
		73619EB32A37248E0026783F /* AppDelegate.swift */ = {isa = PBXFileReference; lastKnownFileType = sourcecode.swift; path = AppDelegate.swift; sourceTree = "<group>"; };
		73619EB52A37248E0026783F /* SceneDelegate.swift */ = {isa = PBXFileReference; lastKnownFileType = sourcecode.swift; path = SceneDelegate.swift; sourceTree = "<group>"; };
		73619EB72A37248E0026783F /* ViewController.swift */ = {isa = PBXFileReference; lastKnownFileType = sourcecode.swift; path = ViewController.swift; sourceTree = "<group>"; };
		73619EBA2A37248E0026783F /* Base */ = {isa = PBXFileReference; lastKnownFileType = file.storyboard; name = Base; path = Base.lproj/Main.storyboard; sourceTree = "<group>"; };
		73619EBC2A37248F0026783F /* Assets.xcassets */ = {isa = PBXFileReference; lastKnownFileType = folder.assetcatalog; path = Assets.xcassets; sourceTree = "<group>"; };
		73619EBF2A37248F0026783F /* Base */ = {isa = PBXFileReference; lastKnownFileType = file.storyboard; name = Base; path = Base.lproj/LaunchScreen.storyboard; sourceTree = "<group>"; };
		73619EC12A37248F0026783F /* Info.plist */ = {isa = PBXFileReference; lastKnownFileType = text.plist.xml; path = Info.plist; sourceTree = "<group>"; };
		73619EC72A37263B0026783F /* MaskViewController.swift */ = {isa = PBXFileReference; lastKnownFileType = sourcecode.swift; path = MaskViewController.swift; sourceTree = "<group>"; };
		73619EC92A3729390026783F /* UIImage+Extensions.swift */ = {isa = PBXFileReference; lastKnownFileType = sourcecode.swift; path = "UIImage+Extensions.swift"; sourceTree = "<group>"; };
		73619ECB2A372FFA0026783F /* UIString+Extension.swift */ = {isa = PBXFileReference; lastKnownFileType = sourcecode.swift; path = "UIString+Extension.swift"; sourceTree = "<group>"; };
		73619ECD2A37301C0026783F /* VerhoeffAlgorithm.swift */ = {isa = PBXFileReference; fileEncoding = 4; lastKnownFileType = sourcecode.swift; path = VerhoeffAlgorithm.swift; sourceTree = "<group>"; };
		73619ECF2A374C0D0026783F /* Data+Extension.swift */ = {isa = PBXFileReference; lastKnownFileType = sourcecode.swift; path = "Data+Extension.swift"; sourceTree = "<group>"; };
/* End PBXFileReference section */

/* Begin PBXFrameworksBuildPhase section */
		73619EAD2A37248E0026783F /* Frameworks */ = {
			isa = PBXFrameworksBuildPhase;
			buildActionMask = 2147483647;
			files = (
			);
			runOnlyForDeploymentPostprocessing = 0;
		};
/* End PBXFrameworksBuildPhase section */

/* Begin PBXGroup section */
		73619EA72A37248E0026783F = {
			isa = PBXGroup;
			children = (
				73619EB22A37248E0026783F /* MaskingExample */,
				73619EB12A37248E0026783F /* Products */,
			);
			sourceTree = "<group>";
		};
		73619EB12A37248E0026783F /* Products */ = {
			isa = PBXGroup;
			children = (
				73619EB02A37248E0026783F /* MaskingExample.app */,
			);
			name = Products;
			sourceTree = "<group>";
		};
		73619EB22A37248E0026783F /* MaskingExample */ = {
			isa = PBXGroup;
			children = (
				73619EB32A37248E0026783F /* AppDelegate.swift */,
				73619EB52A37248E0026783F /* SceneDelegate.swift */,
				73619EB72A37248E0026783F /* ViewController.swift */,
				73619EC72A37263B0026783F /* MaskViewController.swift */,
				73619EB92A37248E0026783F /* Main.storyboard */,
				73619EBC2A37248F0026783F /* Assets.xcassets */,
				73619EBE2A37248F0026783F /* LaunchScreen.storyboard */,
				73619EC12A37248F0026783F /* Info.plist */,
				73619EC92A3729390026783F /* UIImage+Extensions.swift */,
				73619ECB2A372FFA0026783F /* UIString+Extension.swift */,
				73619ECD2A37301C0026783F /* VerhoeffAlgorithm.swift */,
				73619ECF2A374C0D0026783F /* Data+Extension.swift */,
			);
			path = MaskingExample;
			sourceTree = "<group>";
		};
/* End PBXGroup section */

/* Begin PBXNativeTarget section */
		73619EAF2A37248E0026783F /* MaskingExample */ = {
			isa = PBXNativeTarget;
			buildConfigurationList = 73619EC42A37248F0026783F /* Build configuration list for PBXNativeTarget "MaskingExample" */;
			buildPhases = (
				73619EAC2A37248E0026783F /* Sources */,
				73619EAD2A37248E0026783F /* Frameworks */,
				73619EAE2A37248E0026783F /* Resources */,
			);
			buildRules = (
			);
			dependencies = (
			);
			name = MaskingExample;
			productName = MaskingExample;
			productReference = 73619EB02A37248E0026783F /* MaskingExample.app */;
			productType = "com.apple.product-type.application";
		};
/* End PBXNativeTarget section */

/* Begin PBXProject section */
		73619EA82A37248E0026783F /* Project object */ = {
			isa = PBXProject;
			attributes = {
				BuildIndependentTargetsInParallel = 1;
				LastSwiftUpdateCheck = 1420;
				LastUpgradeCheck = 1420;
				TargetAttributes = {
					73619EAF2A37248E0026783F = {
						CreatedOnToolsVersion = 14.2;
					};
				};
			};
			buildConfigurationList = 73619EAB2A37248E0026783F /* Build configuration list for PBXProject "MaskingExample" */;
			compatibilityVersion = "Xcode 14.0";
			developmentRegion = en;
			hasScannedForEncodings = 0;
			knownRegions = (
				en,
				Base,
			);
			mainGroup = 73619EA72A37248E0026783F;
			productRefGroup = 73619EB12A37248E0026783F /* Products */;
			projectDirPath = "";
			projectRoot = "";
			targets = (
				73619EAF2A37248E0026783F /* MaskingExample */,
			);
		};
/* End PBXProject section */

/* Begin PBXResourcesBuildPhase section */
		73619EAE2A37248E0026783F /* Resources */ = {
			isa = PBXResourcesBuildPhase;
			buildActionMask = 2147483647;
			files = (
				73619EC02A37248F0026783F /* LaunchScreen.storyboard in Resources */,
				73619EBD2A37248F0026783F /* Assets.xcassets in Resources */,
				73619EBB2A37248E0026783F /* Main.storyboard in Resources */,
			);
			runOnlyForDeploymentPostprocessing = 0;
		};
/* End PBXResourcesBuildPhase section */

/* Begin PBXSourcesBuildPhase section */
		73619EAC2A37248E0026783F /* Sources */ = {
			isa = PBXSourcesBuildPhase;
			buildActionMask = 2147483647;
			files = (
				73619EB82A37248E0026783F /* ViewController.swift in Sources */,
				73619ED02A374C0D0026783F /* Data+Extension.swift in Sources */,
				73619EB42A37248E0026783F /* AppDelegate.swift in Sources */,
				73619ECE2A37301C0026783F /* VerhoeffAlgorithm.swift in Sources */,
				73619ECC2A372FFA0026783F /* UIString+Extension.swift in Sources */,
				73619ECA2A3729390026783F /* UIImage+Extensions.swift in Sources */,
				73619EC82A37263B0026783F /* MaskViewController.swift in Sources */,
				73619EB62A37248E0026783F /* SceneDelegate.swift in Sources */,
			);
			runOnlyForDeploymentPostprocessing = 0;
		};
/* End PBXSourcesBuildPhase section */

/* Begin PBXVariantGroup section */
		73619EB92A37248E0026783F /* Main.storyboard */ = {
			isa = PBXVariantGroup;
			children = (
				73619EBA2A37248E0026783F /* Base */,
			);
			name = Main.storyboard;
			sourceTree = "<group>";
		};
		73619EBE2A37248F0026783F /* LaunchScreen.storyboard */ = {
			isa = PBXVariantGroup;
			children = (
				73619EBF2A37248F0026783F /* Base */,
			);
			name = LaunchScreen.storyboard;
			sourceTree = "<group>";
		};
/* End PBXVariantGroup section */

/* Begin XCBuildConfiguration section */
		73619EC22A37248F0026783F /* Debug */ = {
			isa = XCBuildConfiguration;
			buildSettings = {
				ALWAYS_SEARCH_USER_PATHS = NO;
				CLANG_ANALYZER_NONNULL = YES;
				CLANG_ANALYZER_NUMBER_OBJECT_CONVERSION = YES_AGGRESSIVE;
				CLANG_CXX_LANGUAGE_STANDARD = "gnu++20";
				CLANG_ENABLE_MODULES = YES;
				CLANG_ENABLE_OBJC_ARC = YES;
				CLANG_ENABLE_OBJC_WEAK = YES;
				CLANG_WARN_BLOCK_CAPTURE_AUTORELEASING = YES;
				CLANG_WARN_BOOL_CONVERSION = YES;
				CLANG_WARN_COMMA = YES;
				CLANG_WARN_CONSTANT_CONVERSION = YES;
				CLANG_WARN_DEPRECATED_OBJC_IMPLEMENTATIONS = YES;
				CLANG_WARN_DIRECT_OBJC_ISA_USAGE = YES_ERROR;
				CLANG_WARN_DOCUMENTATION_COMMENTS = YES;
				CLANG_WARN_EMPTY_BODY = YES;
				CLANG_WARN_ENUM_CONVERSION = YES;
				CLANG_WARN_INFINITE_RECURSION = YES;
				CLANG_WARN_INT_CONVERSION = YES;
				CLANG_WARN_NON_LITERAL_NULL_CONVERSION = YES;
				CLANG_WARN_OBJC_IMPLICIT_RETAIN_SELF = YES;
				CLANG_WARN_OBJC_LITERAL_CONVERSION = YES;
				CLANG_WARN_OBJC_ROOT_CLASS = YES_ERROR;
				CLANG_WARN_QUOTED_INCLUDE_IN_FRAMEWORK_HEADER = YES;
				CLANG_WARN_RANGE_LOOP_ANALYSIS = YES;
				CLANG_WARN_STRICT_PROTOTYPES = YES;
				CLANG_WARN_SUSPICIOUS_MOVE = YES;
				CLANG_WARN_UNGUARDED_AVAILABILITY = YES_AGGRESSIVE;
				CLANG_WARN_UNREACHABLE_CODE = YES;
				CLANG_WARN__DUPLICATE_METHOD_MATCH = YES;
				COPY_PHASE_STRIP = NO;
				DEBUG_INFORMATION_FORMAT = dwarf;
				ENABLE_STRICT_OBJC_MSGSEND = YES;
				ENABLE_TESTABILITY = YES;
				GCC_C_LANGUAGE_STANDARD = gnu11;
				GCC_DYNAMIC_NO_PIC = NO;
				GCC_NO_COMMON_BLOCKS = YES;
				GCC_OPTIMIZATION_LEVEL = 0;
				GCC_PREPROCESSOR_DEFINITIONS = (
					"DEBUG=1",
					"$(inherited)",
				);
				GCC_WARN_64_TO_32_BIT_CONVERSION = YES;
				GCC_WARN_ABOUT_RETURN_TYPE = YES_ERROR;
				GCC_WARN_UNDECLARED_SELECTOR = YES;
				GCC_WARN_UNINITIALIZED_AUTOS = YES_AGGRESSIVE;
				GCC_WARN_UNUSED_FUNCTION = YES;
				GCC_WARN_UNUSED_VARIABLE = YES;
				IPHONEOS_DEPLOYMENT_TARGET = 13.0;
				MTL_ENABLE_DEBUG_INFO = INCLUDE_SOURCE;
				MTL_FAST_MATH = YES;
				ONLY_ACTIVE_ARCH = YES;
				SDKROOT = iphoneos;
				SWIFT_ACTIVE_COMPILATION_CONDITIONS = DEBUG;
				SWIFT_OPTIMIZATION_LEVEL = "-Onone";
			};
			name = Debug;
		};
		73619EC32A37248F0026783F /* Release */ = {
			isa = XCBuildConfiguration;
			buildSettings = {
				ALWAYS_SEARCH_USER_PATHS = NO;
				CLANG_ANALYZER_NONNULL = YES;
				CLANG_ANALYZER_NUMBER_OBJECT_CONVERSION = YES_AGGRESSIVE;
				CLANG_CXX_LANGUAGE_STANDARD = "gnu++20";
				CLANG_ENABLE_MODULES = YES;
				CLANG_ENABLE_OBJC_ARC = YES;
				CLANG_ENABLE_OBJC_WEAK = YES;
				CLANG_WARN_BLOCK_CAPTURE_AUTORELEASING = YES;
				CLANG_WARN_BOOL_CONVERSION = YES;
				CLANG_WARN_COMMA = YES;
				CLANG_WARN_CONSTANT_CONVERSION = YES;
				CLANG_WARN_DEPRECATED_OBJC_IMPLEMENTATIONS = YES;
				CLANG_WARN_DIRECT_OBJC_ISA_USAGE = YES_ERROR;
				CLANG_WARN_DOCUMENTATION_COMMENTS = YES;
				CLANG_WARN_EMPTY_BODY = YES;
				CLANG_WARN_ENUM_CONVERSION = YES;
				CLANG_WARN_INFINITE_RECURSION = YES;
				CLANG_WARN_INT_CONVERSION = YES;
				CLANG_WARN_NON_LITERAL_NULL_CONVERSION = YES;
				CLANG_WARN_OBJC_IMPLICIT_RETAIN_SELF = YES;
				CLANG_WARN_OBJC_LITERAL_CONVERSION = YES;
				CLANG_WARN_OBJC_ROOT_CLASS = YES_ERROR;
				CLANG_WARN_QUOTED_INCLUDE_IN_FRAMEWORK_HEADER = YES;
				CLANG_WARN_RANGE_LOOP_ANALYSIS = YES;
				CLANG_WARN_STRICT_PROTOTYPES = YES;
				CLANG_WARN_SUSPICIOUS_MOVE = YES;
				CLANG_WARN_UNGUARDED_AVAILABILITY = YES_AGGRESSIVE;
				CLANG_WARN_UNREACHABLE_CODE = YES;
				CLANG_WARN__DUPLICATE_METHOD_MATCH = YES;
				COPY_PHASE_STRIP = NO;
				DEBUG_INFORMATION_FORMAT = "dwarf-with-dsym";
				ENABLE_NS_ASSERTIONS = NO;
				ENABLE_STRICT_OBJC_MSGSEND = YES;
				GCC_C_LANGUAGE_STANDARD = gnu11;
				GCC_NO_COMMON_BLOCKS = YES;
				GCC_WARN_64_TO_32_BIT_CONVERSION = YES;
				GCC_WARN_ABOUT_RETURN_TYPE = YES_ERROR;
				GCC_WARN_UNDECLARED_SELECTOR = YES;
				GCC_WARN_UNINITIALIZED_AUTOS = YES_AGGRESSIVE;
				GCC_WARN_UNUSED_FUNCTION = YES;
				GCC_WARN_UNUSED_VARIABLE = YES;
				IPHONEOS_DEPLOYMENT_TARGET = 13.0;
				MTL_ENABLE_DEBUG_INFO = NO;
				MTL_FAST_MATH = YES;
				SDKROOT = iphoneos;
				SWIFT_COMPILATION_MODE = wholemodule;
				SWIFT_OPTIMIZATION_LEVEL = "-O";
				VALIDATE_PRODUCT = YES;
			};
			name = Release;
		};
		73619EC52A37248F0026783F /* Debug */ = {
			isa = XCBuildConfiguration;
			buildSettings = {
				ASSETCATALOG_COMPILER_APPICON_NAME = AppIcon;
				ASSETCATALOG_COMPILER_GLOBAL_ACCENT_COLOR_NAME = AccentColor;
				CODE_SIGN_STYLE = Automatic;
				CURRENT_PROJECT_VERSION = 1.0;
				DEVELOPMENT_TEAM = 63TZ8L2ZK4;
				GENERATE_INFOPLIST_FILE = YES;
				INFOPLIST_FILE = MaskingExample/Info.plist;
				INFOPLIST_KEY_UIApplicationSupportsIndirectInputEvents = YES;
				INFOPLIST_KEY_UILaunchStoryboardName = LaunchScreen;
				INFOPLIST_KEY_UIMainStoryboardFile = Main;
				INFOPLIST_KEY_UISupportedInterfaceOrientations_iPad = "UIInterfaceOrientationPortrait UIInterfaceOrientationPortraitUpsideDown UIInterfaceOrientationLandscapeLeft UIInterfaceOrientationLandscapeRight";
				INFOPLIST_KEY_UISupportedInterfaceOrientations_iPhone = "UIInterfaceOrientationPortrait UIInterfaceOrientationLandscapeLeft UIInterfaceOrientationLandscapeRight";
				LD_RUNPATH_SEARCH_PATHS = (
					"$(inherited)",
					"@executable_path/Frameworks",
				);
				MARKETING_VERSION = 1.0;
				PRODUCT_BUNDLE_IDENTIFIER = com.swift.MaskingExample;
				PRODUCT_NAME = "$(TARGET_NAME)";
				SUPPORTED_PLATFORMS = "iphoneos iphonesimulator";
				SUPPORTS_MACCATALYST = NO;
				SUPPORTS_MAC_DESIGNED_FOR_IPHONE_IPAD = NO;
				SWIFT_EMIT_LOC_STRINGS = YES;
				SWIFT_VERSION = 5.0;
				TARGETED_DEVICE_FAMILY = 1;
			};
			name = Debug;
		};
		73619EC62A37248F0026783F /* Release */ = {
			isa = XCBuildConfiguration;
			buildSettings = {
				ASSETCATALOG_COMPILER_APPICON_NAME = AppIcon;
				ASSETCATALOG_COMPILER_GLOBAL_ACCENT_COLOR_NAME = AccentColor;
				CODE_SIGN_STYLE = Automatic;
				CURRENT_PROJECT_VERSION = 1.0;
				DEVELOPMENT_TEAM = 63TZ8L2ZK4;
				GENERATE_INFOPLIST_FILE = YES;
				INFOPLIST_FILE = MaskingExample/Info.plist;
				INFOPLIST_KEY_UIApplicationSupportsIndirectInputEvents = YES;
				INFOPLIST_KEY_UILaunchStoryboardName = LaunchScreen;
				INFOPLIST_KEY_UIMainStoryboardFile = Main;
				INFOPLIST_KEY_UISupportedInterfaceOrientations_iPad = "UIInterfaceOrientationPortrait UIInterfaceOrientationPortraitUpsideDown UIInterfaceOrientationLandscapeLeft UIInterfaceOrientationLandscapeRight";
				INFOPLIST_KEY_UISupportedInterfaceOrientations_iPhone = "UIInterfaceOrientationPortrait UIInterfaceOrientationLandscapeLeft UIInterfaceOrientationLandscapeRight";
				LD_RUNPATH_SEARCH_PATHS = (
					"$(inherited)",
					"@executable_path/Frameworks",
				);
				MARKETING_VERSION = 1.0;
				PRODUCT_BUNDLE_IDENTIFIER = com.swift.MaskingExample;
				PRODUCT_NAME = "$(TARGET_NAME)";
				SUPPORTED_PLATFORMS = "iphoneos iphonesimulator";
				SUPPORTS_MACCATALYST = NO;
				SUPPORTS_MAC_DESIGNED_FOR_IPHONE_IPAD = NO;
				SWIFT_EMIT_LOC_STRINGS = YES;
				SWIFT_VERSION = 5.0;
				TARGETED_DEVICE_FAMILY = 1;
			};
			name = Release;
		};
/* End XCBuildConfiguration section */

/* Begin XCConfigurationList section */
		73619EAB2A37248E0026783F /* Build configuration list for PBXProject "MaskingExample" */ = {
			isa = XCConfigurationList;
			buildConfigurations = (
				73619EC22A37248F0026783F /* Debug */,
				73619EC32A37248F0026783F /* Release */,
			);
			defaultConfigurationIsVisible = 0;
			defaultConfigurationName = Release;
		};
		73619EC42A37248F0026783F /* Build configuration list for PBXNativeTarget "MaskingExample" */ = {
			isa = XCConfigurationList;
			buildConfigurations = (
				73619EC52A37248F0026783F /* Debug */,
				73619EC62A37248F0026783F /* Release */,
			);
			defaultConfigurationIsVisible = 0;
			defaultConfigurationName = Release;
		};
/* End XCConfigurationList section */
	};
	rootObject = 73619EA82A37248E0026783F /* Project object */;
}
